
Microsoft Visual Studio Solution File, Format Version 12.00
# Visual Studio Version 16
VisualStudioVersion = 16.0.29201.188
MinimumVisualStudioVersion = 10.0.40219.1
Project("{FAE04EC0-301F-11D3-BF4B-00C04F79EFBC}") = "O2DESNet.Optimizer", "O2DESNet.Optimizer.csproj", "{B793502D-4B2A-4A66-BADF-9E38B43072EC}"
EndProject
Global
	GlobalSection(SolutionConfigurationPlatforms) = preSolution
		Debug|Any CPU = Debug|Any CPU
		Release|Any CPU = Release|Any CPU
	EndGlobalSection
	GlobalSection(ProjectConfigurationPlatforms) = postSolution
		{B793502D-4B2A-4A66-BADF-9E38B43072EC}.Debug|Any CPU.ActiveCfg = Debug|Any CPU
		{B793502D-4B2A-4A66-BADF-9E38B43072EC}.Debug|Any CPU.Build.0 = Debug|Any CPU
		{B793502D-4B2A-4A66-BADF-9E38B43072EC}.Release|Any CPU.ActiveCfg = Release|Any CPU
		{B793502D-4B2A-4A66-BADF-9E38B43072EC}.Release|Any CPU.Build.0 = Release|Any CPU
	EndGlobalSection
	GlobalSection(SolutionProperties) = preSolution
		HideSolutionNode = FALSE
	EndGlobalSection
	GlobalSection(ExtensibilityGlobals) = postSolution
		SolutionGuid = {F4D40064-D460-488E-A27C-7C53F8E84D15}
	EndGlobalSection
EndGlobal
